
Microsoft Visual Studio Solution File, Format Version 12.00
# Visual Studio Version 16
VisualStudioVersion = 16.0.32510.428
MinimumVisualStudioVersion = 10.0.40219.1
Project("{FAE04EC0-301F-11D3-BF4B-00C04F79EFBC}") = "GenesysGym", "GenesysGym\GenesysGym.csproj", "{95001FA5-DC70-4F1F-85AA-55E1F5799AD2}"
EndProject
Global
	GlobalSection(SolutionConfigurationPlatforms) = preSolution
		Debug|Any CPU = Debug|Any CPU
		Release|Any CPU = Release|Any CPU
	EndGlobalSection
	GlobalSection(ProjectConfigurationPlatforms) = postSolution
		{95001FA5-DC70-4F1F-85AA-55E1F5799AD2}.Debug|Any CPU.ActiveCfg = Debug|Any CPU
		{95001FA5-DC70-4F1F-85AA-55E1F5799AD2}.Debug|Any CPU.Build.0 = Debug|Any CPU
		{95001FA5-DC70-4F1F-85AA-55E1F5799AD2}.Release|Any CPU.ActiveCfg = Release|Any CPU
		{95001FA5-DC70-4F1F-85AA-55E1F5799AD2}.Release|Any CPU.Build.0 = Release|Any CPU
	EndGlobalSection
	GlobalSection(SolutionProperties) = preSolution
		HideSolutionNode = FALSE
	EndGlobalSection
	GlobalSection(ExtensibilityGlobals) = postSolution
		SolutionGuid = {F3111B59-F784-4517-B063-B70795E3603A}
	EndGlobalSection
EndGlobal
